
Microsoft Visual Studio Solution File, Format Version 12.00
# Visual Studio Version 16
VisualStudioVersion = 16.0.30621.155
MinimumVisualStudioVersion = 10.0.40219.1
Project("{8BC9CEB8-8B4A-11D0-8D11-00A0C91BC942}") = "FrequencySpaceImages", "FrequencySpaceImages.vcxproj", "{E1B4F83D-59A6-4896-AB25-1D0813BD208D}"
EndProject
Global
	GlobalSection(SolutionConfigurationPlatforms) = preSolution
		Debug|x64 = Debug|x64
		Release|x64 = Release|x64
	EndGlobalSection
	GlobalSection(ProjectConfigurationPlatforms) = postSolution
		{E1B4F83D-59A6-4896-AB25-1D0813BD208D}.Debug|x64.ActiveCfg = Debug|x64
		{E1B4F83D-59A6-4896-AB25-1D0813BD208D}.Debug|x64.Build.0 = Debug|x64
		{E1B4F83D-59A6-4896-AB25-1D0813BD208D}.Release|x64.ActiveCfg = Release|x64
		{E1B4F83D-59A6-4896-AB25-1D0813BD208D}.Release|x64.Build.0 = Release|x64
	EndGlobalSection
	GlobalSection(SolutionProperties) = preSolution
		HideSolutionNode = FALSE
	EndGlobalSection
	GlobalSection(ExtensibilityGlobals) = postSolution
		SolutionGuid = {CFC86E02-6E4C-44C7-8295-CEA0C8079E76}
	EndGlobalSection
EndGlobal
